
Microsoft Visual Studio Solution File, Format Version 12.00
# Visual Studio Version 16
VisualStudioVersion = 16.0.29102.190
MinimumVisualStudioVersion = 10.0.40219.1
Project("{9A19103F-16F7-4668-BE54-9A1E7A4F7556}") = "AspNetCoreReactRedux", "AspNetCoreReactRedux\AspNetCoreReactRedux.csproj", "{1D6F8FF1-63BD-4F8C-BA2D-C5BB39C1A12C}"
EndProject
Project("{9A19103F-16F7-4668-BE54-9A1E7A4F7556}") = "BusinessLibrary", "BusinessLibrary1\BusinessLibrary.csproj", "{7D74A70A-665D-43B3-AD93-72289013AB0F}"
EndProject
Project("{9A19103F-16F7-4668-BE54-9A1E7A4F7556}") = "DataAccessLibrary", "DataAccessLibrary\DataAccessLibrary.csproj", "{7524984B-60B2-4B09-B585-8DA6B0027EC2}"
EndProject
Global
	GlobalSection(SolutionConfigurationPlatforms) = preSolution
		Debug|Any CPU = Debug|Any CPU
		Release|Any CPU = Release|Any CPU
	EndGlobalSection
	GlobalSection(ProjectConfigurationPlatforms) = postSolution
		{1D6F8FF1-63BD-4F8C-BA2D-C5BB39C1A12C}.Debug|Any CPU.ActiveCfg = Debug|Any CPU
		{1D6F8FF1-63BD-4F8C-BA2D-C5BB39C1A12C}.Debug|Any CPU.Build.0 = Debug|Any CPU
		{1D6F8FF1-63BD-4F8C-BA2D-C5BB39C1A12C}.Release|Any CPU.ActiveCfg = Release|Any CPU
		{1D6F8FF1-63BD-4F8C-BA2D-C5BB39C1A12C}.Release|Any CPU.Build.0 = Release|Any CPU
		{7D74A70A-665D-43B3-AD93-72289013AB0F}.Debug|Any CPU.ActiveCfg = Debug|Any CPU
		{7D74A70A-665D-43B3-AD93-72289013AB0F}.Debug|Any CPU.Build.0 = Debug|Any CPU
		{7D74A70A-665D-43B3-AD93-72289013AB0F}.Release|Any CPU.ActiveCfg = Release|Any CPU
		{7D74A70A-665D-43B3-AD93-72289013AB0F}.Release|Any CPU.Build.0 = Release|Any CPU
		{7524984B-60B2-4B09-B585-8DA6B0027EC2}.Debug|Any CPU.ActiveCfg = Debug|Any CPU
		{7524984B-60B2-4B09-B585-8DA6B0027EC2}.Debug|Any CPU.Build.0 = Debug|Any CPU
		{7524984B-60B2-4B09-B585-8DA6B0027EC2}.Release|Any CPU.ActiveCfg = Release|Any CPU
		{7524984B-60B2-4B09-B585-8DA6B0027EC2}.Release|Any CPU.Build.0 = Release|Any CPU
	EndGlobalSection
	GlobalSection(SolutionProperties) = preSolution
		HideSolutionNode = FALSE
	EndGlobalSection
	GlobalSection(ExtensibilityGlobals) = postSolution
		SolutionGuid = {079E5A8F-B49A-4A44-B929-FA80C7D93186}
	EndGlobalSection
EndGlobal
